// !$*UTF8*$!
{
	archiveVersion = 1;
	classes = {
	};
	objectVersion = 48;
	objects = {

/* Begin PBXBuildFile section */
		8445C7A61F9C654F00DAEECF /* AppDelegate.swift in Sources */ = {isa = PBXBuildFile; fileRef = 8445C7A51F9C654F00DAEECF /* AppDelegate.swift */; };
		8445C7AB1F9C654F00DAEECF /* Main.storyboard in Resources */ = {isa = PBXBuildFile; fileRef = 8445C7A91F9C654F00DAEECF /* Main.storyboard */; };
		8445C7AD1F9C654F00DAEECF /* Assets.xcassets in Resources */ = {isa = PBXBuildFile; fileRef = 8445C7AC1F9C654F00DAEECF /* Assets.xcassets */; };
		8445C7B01F9C654F00DAEECF /* LaunchScreen.storyboard in Resources */ = {isa = PBXBuildFile; fileRef = 8445C7AE1F9C654F00DAEECF /* LaunchScreen.storyboard */; };
		8445C7B81F9C65A900DAEECF /* MainTableViewController.swift in Sources */ = {isa = PBXBuildFile; fileRef = 8445C7B71F9C65A900DAEECF /* MainTableViewController.swift */; };
		8445C7BA1F9C65DF00DAEECF /* Term.swift in Sources */ = {isa = PBXBuildFile; fileRef = 8445C7B91F9C65DF00DAEECF /* Term.swift */; };
		8445C7BC1F9C6C3600DAEECF /* TableViewCell.swift in Sources */ = {isa = PBXBuildFile; fileRef = 8445C7BB1F9C6C3600DAEECF /* TableViewCell.swift */; };
		8445C7BE1FA41FAB00DAEECF /* Tab01ViewController.swift in Sources */ = {isa = PBXBuildFile; fileRef = 8445C7BD1FA41FAB00DAEECF /* Tab01ViewController.swift */; };
		8445C7C01FA4246500DAEECF /* Tab01TableViewCell.swift in Sources */ = {isa = PBXBuildFile; fileRef = 8445C7BF1FA4246500DAEECF /* Tab01TableViewCell.swift */; };
/* End PBXBuildFile section */

/* Begin PBXFileReference section */
		8445C7A21F9C654F00DAEECF /* StandardTerm.app */ = {isa = PBXFileReference; explicitFileType = wrapper.application; includeInIndex = 0; path = StandardTerm.app; sourceTree = BUILT_PRODUCTS_DIR; };
		8445C7A51F9C654F00DAEECF /* AppDelegate.swift */ = {isa = PBXFileReference; lastKnownFileType = sourcecode.swift; path = AppDelegate.swift; sourceTree = "<group>"; };
		8445C7AA1F9C654F00DAEECF /* Base */ = {isa = PBXFileReference; lastKnownFileType = file.storyboard; name = Base; path = Base.lproj/Main.storyboard; sourceTree = "<group>"; };
		8445C7AC1F9C654F00DAEECF /* Assets.xcassets */ = {isa = PBXFileReference; lastKnownFileType = folder.assetcatalog; path = Assets.xcassets; sourceTree = "<group>"; };
		8445C7AF1F9C654F00DAEECF /* Base */ = {isa = PBXFileReference; lastKnownFileType = file.storyboard; name = Base; path = Base.lproj/LaunchScreen.storyboard; sourceTree = "<group>"; };
		8445C7B11F9C654F00DAEECF /* Info.plist */ = {isa = PBXFileReference; lastKnownFileType = text.plist.xml; path = Info.plist; sourceTree = "<group>"; };
		8445C7B71F9C65A900DAEECF /* MainTableViewController.swift */ = {isa = PBXFileReference; lastKnownFileType = sourcecode.swift; path = MainTableViewController.swift; sourceTree = "<group>"; };
		8445C7B91F9C65DF00DAEECF /* Term.swift */ = {isa = PBXFileReference; lastKnownFileType = sourcecode.swift; path = Term.swift; sourceTree = "<group>"; };
		8445C7BB1F9C6C3600DAEECF /* TableViewCell.swift */ = {isa = PBXFileReference; lastKnownFileType = sourcecode.swift; path = TableViewCell.swift; sourceTree = "<group>"; };
		8445C7BD1FA41FAB00DAEECF /* Tab01ViewController.swift */ = {isa = PBXFileReference; lastKnownFileType = sourcecode.swift; path = Tab01ViewController.swift; sourceTree = "<group>"; };
		8445C7BF1FA4246500DAEECF /* Tab01TableViewCell.swift */ = {isa = PBXFileReference; lastKnownFileType = sourcecode.swift; path = Tab01TableViewCell.swift; sourceTree = "<group>"; };
/* End PBXFileReference section */

/* Begin PBXFrameworksBuildPhase section */
		8445C79F1F9C654F00DAEECF /* Frameworks */ = {
			isa = PBXFrameworksBuildPhase;
			buildActionMask = 2147483647;
			files = (
			);
			runOnlyForDeploymentPostprocessing = 0;
		};
/* End PBXFrameworksBuildPhase section */

/* Begin PBXGroup section */
		8445C7991F9C654F00DAEECF = {
			isa = PBXGroup;
			children = (
				8445C7A41F9C654F00DAEECF /* StandardTerm */,
				8445C7A31F9C654F00DAEECF /* Products */,
			);
			sourceTree = "<group>";
		};
		8445C7A31F9C654F00DAEECF /* Products */ = {
			isa = PBXGroup;
			children = (
				8445C7A21F9C654F00DAEECF /* StandardTerm.app */,
			);
			name = Products;
			sourceTree = "<group>";
		};
		8445C7A41F9C654F00DAEECF /* StandardTerm */ = {
			isa = PBXGroup;
			children = (
				8445C7A51F9C654F00DAEECF /* AppDelegate.swift */,
				8445C7A91F9C654F00DAEECF /* Main.storyboard */,
				8445C7AC1F9C654F00DAEECF /* Assets.xcassets */,
				8445C7AE1F9C654F00DAEECF /* LaunchScreen.storyboard */,
				8445C7B11F9C654F00DAEECF /* Info.plist */,
				8445C7B71F9C65A900DAEECF /* MainTableViewController.swift */,
				8445C7B91F9C65DF00DAEECF /* Term.swift */,
				8445C7BB1F9C6C3600DAEECF /* TableViewCell.swift */,
				8445C7BD1FA41FAB00DAEECF /* Tab01ViewController.swift */,
				8445C7BF1FA4246500DAEECF /* Tab01TableViewCell.swift */,
			);
			path = StandardTerm;
			sourceTree = "<group>";
		};
/* End PBXGroup section */

/* Begin PBXNativeTarget section */
		8445C7A11F9C654F00DAEECF /* StandardTerm */ = {
			isa = PBXNativeTarget;
			buildConfigurationList = 8445C7B41F9C654F00DAEECF /* Build configuration list for PBXNativeTarget "StandardTerm" */;
			buildPhases = (
				8445C79E1F9C654F00DAEECF /* Sources */,
				8445C79F1F9C654F00DAEECF /* Frameworks */,
				8445C7A01F9C654F00DAEECF /* Resources */,
			);
			buildRules = (
			);
			dependencies = (
			);
			name = StandardTerm;
			productName = StandardTerm;
			productReference = 8445C7A21F9C654F00DAEECF /* StandardTerm.app */;
			productType = "com.apple.product-type.application";
		};
/* End PBXNativeTarget section */

/* Begin PBXProject section */
		8445C79A1F9C654F00DAEECF /* Project object */ = {
			isa = PBXProject;
			attributes = {
				LastSwiftUpdateCheck = 0900;
				LastUpgradeCheck = 0900;
				ORGANIZATIONNAME = admin;
				TargetAttributes = {
					8445C7A11F9C654F00DAEECF = {
						CreatedOnToolsVersion = 9.0;
					};
				};
			};
			buildConfigurationList = 8445C79D1F9C654F00DAEECF /* Build configuration list for PBXProject "StandardTerm" */;
			compatibilityVersion = "Xcode 8.0";
			developmentRegion = en;
			hasScannedForEncodings = 0;
			knownRegions = (
				en,
				Base,
			);
			mainGroup = 8445C7991F9C654F00DAEECF;
			productRefGroup = 8445C7A31F9C654F00DAEECF /* Products */;
			projectDirPath = "";
			projectRoot = "";
			targets = (
				8445C7A11F9C654F00DAEECF /* StandardTerm */,
			);
		};
/* End PBXProject section */

/* Begin PBXResourcesBuildPhase section */
		8445C7A01F9C654F00DAEECF /* Resources */ = {
			isa = PBXResourcesBuildPhase;
			buildActionMask = 2147483647;
			files = (
				8445C7B01F9C654F00DAEECF /* LaunchScreen.storyboard in Resources */,
				8445C7AD1F9C654F00DAEECF /* Assets.xcassets in Resources */,
				8445C7AB1F9C654F00DAEECF /* Main.storyboard in Resources */,
			);
			runOnlyForDeploymentPostprocessing = 0;
		};
/* End PBXResourcesBuildPhase section */

/* Begin PBXSourcesBuildPhase section */
		8445C79E1F9C654F00DAEECF /* Sources */ = {
			isa = PBXSourcesBuildPhase;
			buildActionMask = 2147483647;
			files = (
				8445C7B81F9C65A900DAEECF /* MainTableViewController.swift in Sources */,
				8445C7BC1F9C6C3600DAEECF /* TableViewCell.swift in Sources */,
				8445C7BE1FA41FAB00DAEECF /* Tab01ViewController.swift in Sources */,
				8445C7A61F9C654F00DAEECF /* AppDelegate.swift in Sources */,
				8445C7C01FA4246500DAEECF /* Tab01TableViewCell.swift in Sources */,
				8445C7BA1F9C65DF00DAEECF /* Term.swift in Sources */,
			);
			runOnlyForDeploymentPostprocessing = 0;
		};
/* End PBXSourcesBuildPhase section */

/* Begin PBXVariantGroup section */
		8445C7A91F9C654F00DAEECF /* Main.storyboard */ = {
			isa = PBXVariantGroup;
			children = (
				8445C7AA1F9C654F00DAEECF /* Base */,
			);
			name = Main.storyboard;
			sourceTree = "<group>";
		};
		8445C7AE1F9C654F00DAEECF /* LaunchScreen.storyboard */ = {
			isa = PBXVariantGroup;
			children = (
				8445C7AF1F9C654F00DAEECF /* Base */,
			);
			name = LaunchScreen.storyboard;
			sourceTree = "<group>";
		};
/* End PBXVariantGroup section */

/* Begin XCBuildConfiguration section */
		8445C7B21F9C654F00DAEECF /* Debug */ = {
			isa = XCBuildConfiguration;
			buildSettings = {
				ALWAYS_SEARCH_USER_PATHS = NO;
				CLANG_ANALYZER_NONNULL = YES;
				CLANG_ANALYZER_NUMBER_OBJECT_CONVERSION = YES_AGGRESSIVE;
				CLANG_CXX_LANGUAGE_STANDARD = "gnu++14";
				CLANG_CXX_LIBRARY = "libc++";
				CLANG_ENABLE_MODULES = YES;
				CLANG_ENABLE_OBJC_ARC = YES;
				CLANG_WARN_BLOCK_CAPTURE_AUTORELEASING = YES;
				CLANG_WARN_BOOL_CONVERSION = YES;
				CLANG_WARN_COMMA = YES;
				CLANG_WARN_CONSTANT_CONVERSION = YES;
				CLANG_WARN_DIRECT_OBJC_ISA_USAGE = YES_ERROR;
				CLANG_WARN_DOCUMENTATION_COMMENTS = YES;
				CLANG_WARN_EMPTY_BODY = YES;
				CLANG_WARN_ENUM_CONVERSION = YES;
				CLANG_WARN_INFINITE_RECURSION = YES;
				CLANG_WARN_INT_CONVERSION = YES;
				CLANG_WARN_OBJC_ROOT_CLASS = YES_ERROR;
				CLANG_WARN_RANGE_LOOP_ANALYSIS = YES;
				CLANG_WARN_STRICT_PROTOTYPES = YES;
				CLANG_WARN_SUSPICIOUS_MOVE = YES;
				CLANG_WARN_UNGUARDED_AVAILABILITY = YES_AGGRESSIVE;
				CLANG_WARN_UNREACHABLE_CODE = YES;
				CLANG_WARN__DUPLICATE_METHOD_MATCH = YES;
				CODE_SIGN_IDENTITY = "iPhone Developer";
				COPY_PHASE_STRIP = NO;
				DEBUG_INFORMATION_FORMAT = dwarf;
				ENABLE_STRICT_OBJC_MSGSEND = YES;
				ENABLE_TESTABILITY = YES;
				GCC_C_LANGUAGE_STANDARD = gnu11;
				GCC_DYNAMIC_NO_PIC = NO;
				GCC_NO_COMMON_BLOCKS = YES;
				GCC_OPTIMIZATION_LEVEL = 0;
				GCC_PREPROCESSOR_DEFINITIONS = (
					"DEBUG=1",
					"$(inherited)",
				);
				GCC_WARN_64_TO_32_BIT_CONVERSION = YES;
				GCC_WARN_ABOUT_RETURN_TYPE = YES_ERROR;
				GCC_WARN_UNDECLARED_SELECTOR = YES;
				GCC_WARN_UNINITIALIZED_AUTOS = YES_AGGRESSIVE;
				GCC_WARN_UNUSED_FUNCTION = YES;
				GCC_WARN_UNUSED_VARIABLE = YES;
				IPHONEOS_DEPLOYMENT_TARGET = 11.0;
				MTL_ENABLE_DEBUG_INFO = YES;
				ONLY_ACTIVE_ARCH = YES;
				SDKROOT = iphoneos;
				SWIFT_ACTIVE_COMPILATION_CONDITIONS = DEBUG;
				SWIFT_OPTIMIZATION_LEVEL = "-Onone";
			};
			name = Debug;
		};
		8445C7B31F9C654F00DAEECF /* Release */ = {
			isa = XCBuildConfiguration;
			buildSettings = {
				ALWAYS_SEARCH_USER_PATHS = NO;
				CLANG_ANALYZER_NONNULL = YES;
				CLANG_ANALYZER_NUMBER_OBJECT_CONVERSION = YES_AGGRESSIVE;
				CLANG_CXX_LANGUAGE_STANDARD = "gnu++14";
				CLANG_CXX_LIBRARY = "libc++";
				CLANG_ENABLE_MODULES = YES;
				CLANG_ENABLE_OBJC_ARC = YES;
				CLANG_WARN_BLOCK_CAPTURE_AUTORELEASING = YES;
				CLANG_WARN_BOOL_CONVERSION = YES;
				CLANG_WARN_COMMA = YES;
				CLANG_WARN_CONSTANT_CONVERSION = YES;
				CLANG_WARN_DIRECT_OBJC_ISA_USAGE = YES_ERROR;
				CLANG_WARN_DOCUMENTATION_COMMENTS = YES;
				CLANG_WARN_EMPTY_BODY = YES;
				CLANG_WARN_ENUM_CONVERSION = YES;
				CLANG_WARN_INFINITE_RECURSION = YES;
				CLANG_WARN_INT_CONVERSION = YES;
				CLANG_WARN_OBJC_ROOT_CLASS = YES_ERROR;
				CLANG_WARN_RANGE_LOOP_ANALYSIS = YES;
				CLANG_WARN_STRICT_PROTOTYPES = YES;
				CLANG_WARN_SUSPICIOUS_MOVE = YES;
				CLANG_WARN_UNGUARDED_AVAILABILITY = YES_AGGRESSIVE;
				CLANG_WARN_UNREACHABLE_CODE = YES;
				CLANG_WARN__DUPLICATE_METHOD_MATCH = YES;
				CODE_SIGN_IDENTITY = "iPhone Developer";
				COPY_PHASE_STRIP = NO;
				DEBUG_INFORMATION_FORMAT = "dwarf-with-dsym";
				ENABLE_NS_ASSERTIONS = NO;
				ENABLE_STRICT_OBJC_MSGSEND = YES;
				GCC_C_LANGUAGE_STANDARD = gnu11;
				GCC_NO_COMMON_BLOCKS = YES;
				GCC_WARN_64_TO_32_BIT_CONVERSION = YES;
				GCC_WARN_ABOUT_RETURN_TYPE = YES_ERROR;
				GCC_WARN_UNDECLARED_SELECTOR = YES;
				GCC_WARN_UNINITIALIZED_AUTOS = YES_AGGRESSIVE;
				GCC_WARN_UNUSED_FUNCTION = YES;
				GCC_WARN_UNUSED_VARIABLE = YES;
				IPHONEOS_DEPLOYMENT_TARGET = 11.0;
				MTL_ENABLE_DEBUG_INFO = NO;
				SDKROOT = iphoneos;
				SWIFT_OPTIMIZATION_LEVEL = "-Owholemodule";
				VALIDATE_PRODUCT = YES;
			};
			name = Release;
		};
		8445C7B51F9C654F00DAEECF /* Debug */ = {
			isa = XCBuildConfiguration;
			buildSettings = {
				ASSETCATALOG_COMPILER_APPICON_NAME = AppIcon;
				DEVELOPMENT_TEAM = EDRP4VF6QH;
				INFOPLIST_FILE = StandardTerm/Info.plist;
				LD_RUNPATH_SEARCH_PATHS = "$(inherited) @executable_path/Frameworks";
				PRODUCT_BUNDLE_IDENTIFIER = seonwoo.StandardTerm;
				PRODUCT_NAME = "$(TARGET_NAME)";
				SWIFT_VERSION = 4.0;
				TARGETED_DEVICE_FAMILY = "1,2";
			};
			name = Debug;
		};
		8445C7B61F9C654F00DAEECF /* Release */ = {
			isa = XCBuildConfiguration;
			buildSettings = {
				ASSETCATALOG_COMPILER_APPICON_NAME = AppIcon;
				DEVELOPMENT_TEAM = EDRP4VF6QH;
				INFOPLIST_FILE = StandardTerm/Info.plist;
				LD_RUNPATH_SEARCH_PATHS = "$(inherited) @executable_path/Frameworks";
				PRODUCT_BUNDLE_IDENTIFIER = seonwoo.StandardTerm;
				PRODUCT_NAME = "$(TARGET_NAME)";
				SWIFT_VERSION = 4.0;
				TARGETED_DEVICE_FAMILY = "1,2";
			};
			name = Release;
		};
/* End XCBuildConfiguration section */

/* Begin XCConfigurationList section */
		8445C79D1F9C654F00DAEECF /* Build configuration list for PBXProject "StandardTerm" */ = {
			isa = XCConfigurationList;
			buildConfigurations = (
				8445C7B21F9C654F00DAEECF /* Debug */,
				8445C7B31F9C654F00DAEECF /* Release */,
			);
			defaultConfigurationIsVisible = 0;
			defaultConfigurationName = Release;
		};
		8445C7B41F9C654F00DAEECF /* Build configuration list for PBXNativeTarget "StandardTerm" */ = {
			isa = XCConfigurationList;
			buildConfigurations = (
				8445C7B51F9C654F00DAEECF /* Debug */,
				8445C7B61F9C654F00DAEECF /* Release */,
			);
			defaultConfigurationIsVisible = 0;
			defaultConfigurationName = Release;
		};
/* End XCConfigurationList section */
	};
	rootObject = 8445C79A1F9C654F00DAEECF /* Project object */;
}
